// !$*UTF8*$!
{
	archiveVersion = 1;
	classes = {
	};
	objectVersion = 50;
	objects = {

/* Begin PBXBuildFile section */
		51BFAC9DC6533F12CF3B6A0A /* libPods-TestGit01.a in Frameworks */ = {isa = PBXBuildFile; fileRef = DBB37DAC19AA8E192FC58721 /* libPods-TestGit01.a */; };
		F036021C237BDD5200D21FD2 /* Test03.m in Sources */ = {isa = PBXBuildFile; fileRef = F036021B237BDD5200D21FD2 /* Test03.m */; };
		F06167D0236A88E00056D548 /* Game.m in Sources */ = {isa = PBXBuildFile; fileRef = F06167CF236A88E00056D548 /* Game.m */; };
		F085CCDF2356F8720064D0D8 /* AppDelegate.m in Sources */ = {isa = PBXBuildFile; fileRef = F085CCDE2356F8720064D0D8 /* AppDelegate.m */; };
		F085CCE22356F8720064D0D8 /* ViewController.m in Sources */ = {isa = PBXBuildFile; fileRef = F085CCE12356F8720064D0D8 /* ViewController.m */; };
		F085CCE52356F8720064D0D8 /* Main.storyboard in Resources */ = {isa = PBXBuildFile; fileRef = F085CCE32356F8720064D0D8 /* Main.storyboard */; };
		F085CCE72356F8730064D0D8 /* Assets.xcassets in Resources */ = {isa = PBXBuildFile; fileRef = F085CCE62356F8730064D0D8 /* Assets.xcassets */; };
		F085CCEA2356F8730064D0D8 /* LaunchScreen.storyboard in Resources */ = {isa = PBXBuildFile; fileRef = F085CCE82356F8730064D0D8 /* LaunchScreen.storyboard */; };
		F085CCED2356F8730064D0D8 /* main.m in Sources */ = {isa = PBXBuildFile; fileRef = F085CCEC2356F8730064D0D8 /* main.m */; };
		F085CCF8235707570064D0D8 /* Dog.m in Sources */ = {isa = PBXBuildFile; fileRef = F085CCF7235707570064D0D8 /* Dog.m */; };
		F0A53E52243D9B3000D156EB /* Test06.m in Sources */ = {isa = PBXBuildFile; fileRef = F0A53E51243D9B3000D156EB /* Test06.m */; };
		F0A6F969235D84630010B658 /* Person.m in Sources */ = {isa = PBXBuildFile; fileRef = F0A6F968235D84630010B658 /* Person.m */; };
		F0A6F96C235D89A70010B658 /* ViewController2.m in Sources */ = {isa = PBXBuildFile; fileRef = F0A6F96B235D89A70010B658 /* ViewController2.m */; };
/* End PBXBuildFile section */

/* Begin PBXFileReference section */
		3A39AFAB5378EE4ADE211671 /* Pods-TestGit01.release.xcconfig */ = {isa = PBXFileReference; includeInIndex = 1; lastKnownFileType = text.xcconfig; name = "Pods-TestGit01.release.xcconfig"; path = "Target Support Files/Pods-TestGit01/Pods-TestGit01.release.xcconfig"; sourceTree = "<group>"; };
		76B85E40EE70B4B29AE3DF57 /* Pods-TestGit01.debug.xcconfig */ = {isa = PBXFileReference; includeInIndex = 1; lastKnownFileType = text.xcconfig; name = "Pods-TestGit01.debug.xcconfig"; path = "Target Support Files/Pods-TestGit01/Pods-TestGit01.debug.xcconfig"; sourceTree = "<group>"; };
		DBB37DAC19AA8E192FC58721 /* libPods-TestGit01.a */ = {isa = PBXFileReference; explicitFileType = archive.ar; includeInIndex = 0; path = "libPods-TestGit01.a"; sourceTree = BUILT_PRODUCTS_DIR; };
		F036021A237BDD5200D21FD2 /* Test03.h */ = {isa = PBXFileReference; lastKnownFileType = sourcecode.c.h; path = Test03.h; sourceTree = "<group>"; };
		F036021B237BDD5200D21FD2 /* Test03.m */ = {isa = PBXFileReference; lastKnownFileType = sourcecode.c.objc; path = Test03.m; sourceTree = "<group>"; };
		F06167CE236A88E00056D548 /* Game.h */ = {isa = PBXFileReference; lastKnownFileType = sourcecode.c.h; path = Game.h; sourceTree = "<group>"; };
		F06167CF236A88E00056D548 /* Game.m */ = {isa = PBXFileReference; lastKnownFileType = sourcecode.c.objc; path = Game.m; sourceTree = "<group>"; };
		F085CCDA2356F8720064D0D8 /* TestGit01.app */ = {isa = PBXFileReference; explicitFileType = wrapper.application; includeInIndex = 0; path = TestGit01.app; sourceTree = BUILT_PRODUCTS_DIR; };
		F085CCDD2356F8720064D0D8 /* AppDelegate.h */ = {isa = PBXFileReference; lastKnownFileType = sourcecode.c.h; path = AppDelegate.h; sourceTree = "<group>"; };
		F085CCDE2356F8720064D0D8 /* AppDelegate.m */ = {isa = PBXFileReference; lastKnownFileType = sourcecode.c.objc; path = AppDelegate.m; sourceTree = "<group>"; };
		F085CCE02356F8720064D0D8 /* ViewController.h */ = {isa = PBXFileReference; lastKnownFileType = sourcecode.c.h; path = ViewController.h; sourceTree = "<group>"; };
		F085CCE12356F8720064D0D8 /* ViewController.m */ = {isa = PBXFileReference; lastKnownFileType = sourcecode.c.objc; path = ViewController.m; sourceTree = "<group>"; };
		F085CCE42356F8720064D0D8 /* Base */ = {isa = PBXFileReference; lastKnownFileType = file.storyboard; name = Base; path = Base.lproj/Main.storyboard; sourceTree = "<group>"; };
		F085CCE62356F8730064D0D8 /* Assets.xcassets */ = {isa = PBXFileReference; lastKnownFileType = folder.assetcatalog; path = Assets.xcassets; sourceTree = "<group>"; };
		F085CCE92356F8730064D0D8 /* Base */ = {isa = PBXFileReference; lastKnownFileType = file.storyboard; name = Base; path = Base.lproj/LaunchScreen.storyboard; sourceTree = "<group>"; };
		F085CCEB2356F8730064D0D8 /* Info.plist */ = {isa = PBXFileReference; lastKnownFileType = text.plist.xml; path = Info.plist; sourceTree = "<group>"; };
		F085CCEC2356F8730064D0D8 /* main.m */ = {isa = PBXFileReference; lastKnownFileType = sourcecode.c.objc; path = main.m; sourceTree = "<group>"; };
		F085CCF6235707570064D0D8 /* Dog.h */ = {isa = PBXFileReference; lastKnownFileType = sourcecode.c.h; path = Dog.h; sourceTree = "<group>"; };
		F085CCF7235707570064D0D8 /* Dog.m */ = {isa = PBXFileReference; lastKnownFileType = sourcecode.c.objc; path = Dog.m; sourceTree = "<group>"; };
		F0A53E50243D9B3000D156EB /* Test06.h */ = {isa = PBXFileReference; lastKnownFileType = sourcecode.c.h; path = Test06.h; sourceTree = "<group>"; };
		F0A53E51243D9B3000D156EB /* Test06.m */ = {isa = PBXFileReference; lastKnownFileType = sourcecode.c.objc; path = Test06.m; sourceTree = "<group>"; };
		F0A6F967235D84630010B658 /* Person.h */ = {isa = PBXFileReference; lastKnownFileType = sourcecode.c.h; path = Person.h; sourceTree = "<group>"; };
		F0A6F968235D84630010B658 /* Person.m */ = {isa = PBXFileReference; lastKnownFileType = sourcecode.c.objc; path = Person.m; sourceTree = "<group>"; };
		F0A6F96A235D89A70010B658 /* ViewController2.h */ = {isa = PBXFileReference; lastKnownFileType = sourcecode.c.h; path = ViewController2.h; sourceTree = "<group>"; };
		F0A6F96B235D89A70010B658 /* ViewController2.m */ = {isa = PBXFileReference; lastKnownFileType = sourcecode.c.objc; path = ViewController2.m; sourceTree = "<group>"; };
/* End PBXFileReference section */

/* Begin PBXFrameworksBuildPhase section */
		F085CCD72356F8720064D0D8 /* Frameworks */ = {
			isa = PBXFrameworksBuildPhase;
			buildActionMask = 2147483647;
			files = (
				51BFAC9DC6533F12CF3B6A0A /* libPods-TestGit01.a in Frameworks */,
			);
			runOnlyForDeploymentPostprocessing = 0;
		};
/* End PBXFrameworksBuildPhase section */

/* Begin PBXGroup section */
		8084DD5BFEAA9B562B77506E /* Pods */ = {
			isa = PBXGroup;
			children = (
				76B85E40EE70B4B29AE3DF57 /* Pods-TestGit01.debug.xcconfig */,
				3A39AFAB5378EE4ADE211671 /* Pods-TestGit01.release.xcconfig */,
			);
			path = Pods;
			sourceTree = "<group>";
		};
		AB1876EA7352E5B8203F76EB /* Frameworks */ = {
			isa = PBXGroup;
			children = (
				DBB37DAC19AA8E192FC58721 /* libPods-TestGit01.a */,
			);
			name = Frameworks;
			sourceTree = "<group>";
		};
		F085CCD12356F8720064D0D8 = {
			isa = PBXGroup;
			children = (
				F085CCDC2356F8720064D0D8 /* TestGit01 */,
				F085CCDB2356F8720064D0D8 /* Products */,
				AB1876EA7352E5B8203F76EB /* Frameworks */,
				8084DD5BFEAA9B562B77506E /* Pods */,
			);
			sourceTree = "<group>";
		};
		F085CCDB2356F8720064D0D8 /* Products */ = {
			isa = PBXGroup;
			children = (
				F085CCDA2356F8720064D0D8 /* TestGit01.app */,
			);
			name = Products;
			sourceTree = "<group>";
		};
		F085CCDC2356F8720064D0D8 /* TestGit01 */ = {
			isa = PBXGroup;
			children = (
				F085CCDD2356F8720064D0D8 /* AppDelegate.h */,
				F085CCDE2356F8720064D0D8 /* AppDelegate.m */,
				F085CCE02356F8720064D0D8 /* ViewController.h */,
				F085CCE12356F8720064D0D8 /* ViewController.m */,
				F0A6F96A235D89A70010B658 /* ViewController2.h */,
				F0A6F96B235D89A70010B658 /* ViewController2.m */,
				F0A53E50243D9B3000D156EB /* Test06.h */,
				F0A53E51243D9B3000D156EB /* Test06.m */,
				F036021A237BDD5200D21FD2 /* Test03.h */,
				F036021B237BDD5200D21FD2 /* Test03.m */,
				F0A6F967235D84630010B658 /* Person.h */,
				F0A6F968235D84630010B658 /* Person.m */,
				F06167CE236A88E00056D548 /* Game.h */,
				F06167CF236A88E00056D548 /* Game.m */,
				F085CCF6235707570064D0D8 /* Dog.h */,
				F085CCF7235707570064D0D8 /* Dog.m */,
				F085CCE32356F8720064D0D8 /* Main.storyboard */,
				F085CCE62356F8730064D0D8 /* Assets.xcassets */,
				F085CCE82356F8730064D0D8 /* LaunchScreen.storyboard */,
				F085CCEB2356F8730064D0D8 /* Info.plist */,
				F085CCEC2356F8730064D0D8 /* main.m */,
			);
			path = TestGit01;
			sourceTree = "<group>";
		};
/* End PBXGroup section */

/* Begin PBXNativeTarget section */
		F085CCD92356F8720064D0D8 /* TestGit01 */ = {
			isa = PBXNativeTarget;
			buildConfigurationList = F085CCF02356F8730064D0D8 /* Build configuration list for PBXNativeTarget "TestGit01" */;
			buildPhases = (
				89181E785A1895DCBFC36E03 /* [CP] Check Pods Manifest.lock */,
				F085CCD62356F8720064D0D8 /* Sources */,
				F085CCD72356F8720064D0D8 /* Frameworks */,
				F085CCD82356F8720064D0D8 /* Resources */,
			);
			buildRules = (
			);
			dependencies = (
			);
			name = TestGit01;
			productName = TestGit01;
			productReference = F085CCDA2356F8720064D0D8 /* TestGit01.app */;
			productType = "com.apple.product-type.application";
		};
/* End PBXNativeTarget section */

/* Begin PBXProject section */
		F085CCD22356F8720064D0D8 /* Project object */ = {
			isa = PBXProject;
			attributes = {
				LastUpgradeCheck = 1020;
				ORGANIZATIONNAME = com.cunyin.paywaiter;
				TargetAttributes = {
					F085CCD92356F8720064D0D8 = {
						CreatedOnToolsVersion = 10.2.1;
					};
				};
			};
			buildConfigurationList = F085CCD52356F8720064D0D8 /* Build configuration list for PBXProject "TestGit01" */;
			compatibilityVersion = "Xcode 9.3";
			developmentRegion = en;
			hasScannedForEncodings = 0;
			knownRegions = (
				en,
				Base,
			);
			mainGroup = F085CCD12356F8720064D0D8;
			productRefGroup = F085CCDB2356F8720064D0D8 /* Products */;
			projectDirPath = "";
			projectRoot = "";
			targets = (
				F085CCD92356F8720064D0D8 /* TestGit01 */,
			);
		};
/* End PBXProject section */

/* Begin PBXResourcesBuildPhase section */
		F085CCD82356F8720064D0D8 /* Resources */ = {
			isa = PBXResourcesBuildPhase;
			buildActionMask = 2147483647;
			files = (
				F085CCEA2356F8730064D0D8 /* LaunchScreen.storyboard in Resources */,
				F085CCE72356F8730064D0D8 /* Assets.xcassets in Resources */,
				F085CCE52356F8720064D0D8 /* Main.storyboard in Resources */,
			);
			runOnlyForDeploymentPostprocessing = 0;
		};
/* End PBXResourcesBuildPhase section */

/* Begin PBXShellScriptBuildPhase section */
		89181E785A1895DCBFC36E03 /* [CP] Check Pods Manifest.lock */ = {
			isa = PBXShellScriptBuildPhase;
			buildActionMask = 2147483647;
			files = (
			);
			inputPaths = (
				"${PODS_PODFILE_DIR_PATH}/Podfile.lock",
				"${PODS_ROOT}/Manifest.lock",
			);
			name = "[CP] Check Pods Manifest.lock";
			outputPaths = (
				"$(DERIVED_FILE_DIR)/Pods-TestGit01-checkManifestLockResult.txt",
			);
			runOnlyForDeploymentPostprocessing = 0;
			shellPath = /bin/sh;
			shellScript = "diff \"${PODS_PODFILE_DIR_PATH}/Podfile.lock\" \"${PODS_ROOT}/Manifest.lock\" > /dev/null\nif [ $? != 0 ] ; then\n    # print error to STDERR\n    echo \"error: The sandbox is not in sync with the Podfile.lock. Run 'pod install' or update your CocoaPods installation.\" >&2\n    exit 1\nfi\n# This output is used by Xcode 'outputs' to avoid re-running this script phase.\necho \"SUCCESS\" > \"${SCRIPT_OUTPUT_FILE_0}\"\n";
			showEnvVarsInLog = 0;
		};
/* End PBXShellScriptBuildPhase section */

/* Begin PBXSourcesBuildPhase section */
		F085CCD62356F8720064D0D8 /* Sources */ = {
			isa = PBXSourcesBuildPhase;
			buildActionMask = 2147483647;
			files = (
				F085CCE22356F8720064D0D8 /* ViewController.m in Sources */,
				F085CCED2356F8730064D0D8 /* main.m in Sources */,
				F0A6F969235D84630010B658 /* Person.m in Sources */,
				F085CCF8235707570064D0D8 /* Dog.m in Sources */,
				F085CCDF2356F8720064D0D8 /* AppDelegate.m in Sources */,
				F06167D0236A88E00056D548 /* Game.m in Sources */,
				F036021C237BDD5200D21FD2 /* Test03.m in Sources */,
				F0A6F96C235D89A70010B658 /* ViewController2.m in Sources */,
				F0A53E52243D9B3000D156EB /* Test06.m in Sources */,
			);
			runOnlyForDeploymentPostprocessing = 0;
		};
/* End PBXSourcesBuildPhase section */

/* Begin PBXVariantGroup section */
		F085CCE32356F8720064D0D8 /* Main.storyboard */ = {
			isa = PBXVariantGroup;
			children = (
				F085CCE42356F8720064D0D8 /* Base */,
			);
			name = Main.storyboard;
			sourceTree = "<group>";
		};
		F085CCE82356F8730064D0D8 /* LaunchScreen.storyboard */ = {
			isa = PBXVariantGroup;
			children = (
				F085CCE92356F8730064D0D8 /* Base */,
			);
			name = LaunchScreen.storyboard;
			sourceTree = "<group>";
		};
/* End PBXVariantGroup section */

/* Begin XCBuildConfiguration section */
		F085CCEE2356F8730064D0D8 /* Debug */ = {
			isa = XCBuildConfiguration;
			buildSettings = {
				ALWAYS_SEARCH_USER_PATHS = NO;
				CLANG_ANALYZER_NONNULL = YES;
				CLANG_ANALYZER_NUMBER_OBJECT_CONVERSION = YES_AGGRESSIVE;
				CLANG_CXX_LANGUAGE_STANDARD = "gnu++14";
				CLANG_CXX_LIBRARY = "libc++";
				CLANG_ENABLE_MODULES = YES;
				CLANG_ENABLE_OBJC_ARC = YES;
				CLANG_ENABLE_OBJC_WEAK = YES;
				CLANG_WARN_BLOCK_CAPTURE_AUTORELEASING = YES;
				CLANG_WARN_BOOL_CONVERSION = YES;
				CLANG_WARN_COMMA = YES;
				CLANG_WARN_CONSTANT_CONVERSION = YES;
				CLANG_WARN_DEPRECATED_OBJC_IMPLEMENTATIONS = YES;
				CLANG_WARN_DIRECT_OBJC_ISA_USAGE = YES_ERROR;
				CLANG_WARN_DOCUMENTATION_COMMENTS = YES;
				CLANG_WARN_EMPTY_BODY = YES;
				CLANG_WARN_ENUM_CONVERSION = YES;
				CLANG_WARN_INFINITE_RECURSION = YES;
				CLANG_WARN_INT_CONVERSION = YES;
				CLANG_WARN_NON_LITERAL_NULL_CONVERSION = YES;
				CLANG_WARN_OBJC_IMPLICIT_RETAIN_SELF = YES;
				CLANG_WARN_OBJC_LITERAL_CONVERSION = YES;
				CLANG_WARN_OBJC_ROOT_CLASS = YES_ERROR;
				CLANG_WARN_RANGE_LOOP_ANALYSIS = YES;
				CLANG_WARN_STRICT_PROTOTYPES = YES;
				CLANG_WARN_SUSPICIOUS_MOVE = YES;
				CLANG_WARN_UNGUARDED_AVAILABILITY = YES_AGGRESSIVE;
				CLANG_WARN_UNREACHABLE_CODE = YES;
				CLANG_WARN__DUPLICATE_METHOD_MATCH = YES;
				CODE_SIGN_IDENTITY = "iPhone Developer";
				COPY_PHASE_STRIP = NO;
				DEBUG_INFORMATION_FORMAT = dwarf;
				ENABLE_STRICT_OBJC_MSGSEND = YES;
				ENABLE_TESTABILITY = YES;
				GCC_C_LANGUAGE_STANDARD = gnu11;
				GCC_DYNAMIC_NO_PIC = NO;
				GCC_NO_COMMON_BLOCKS = YES;
				GCC_OPTIMIZATION_LEVEL = 0;
				GCC_PREPROCESSOR_DEFINITIONS = (
					"DEBUG=1",
					"$(inherited)",
				);
				GCC_WARN_64_TO_32_BIT_CONVERSION = YES;
				GCC_WARN_ABOUT_RETURN_TYPE = YES_ERROR;
				GCC_WARN_UNDECLARED_SELECTOR = YES;
				GCC_WARN_UNINITIALIZED_AUTOS = YES_AGGRESSIVE;
				GCC_WARN_UNUSED_FUNCTION = YES;
				GCC_WARN_UNUSED_VARIABLE = YES;
				IPHONEOS_DEPLOYMENT_TARGET = 12.2;
				MTL_ENABLE_DEBUG_INFO = INCLUDE_SOURCE;
				MTL_FAST_MATH = YES;
				ONLY_ACTIVE_ARCH = YES;
				SDKROOT = iphoneos;
			};
			name = Debug;
		};
		F085CCEF2356F8730064D0D8 /* Release */ = {
			isa = XCBuildConfiguration;
			buildSettings = {
				ALWAYS_SEARCH_USER_PATHS = NO;
				CLANG_ANALYZER_NONNULL = YES;
				CLANG_ANALYZER_NUMBER_OBJECT_CONVERSION = YES_AGGRESSIVE;
				CLANG_CXX_LANGUAGE_STANDARD = "gnu++14";
				CLANG_CXX_LIBRARY = "libc++";
				CLANG_ENABLE_MODULES = YES;
				CLANG_ENABLE_OBJC_ARC = YES;
				CLANG_ENABLE_OBJC_WEAK = YES;
				CLANG_WARN_BLOCK_CAPTURE_AUTORELEASING = YES;
				CLANG_WARN_BOOL_CONVERSION = YES;
				CLANG_WARN_COMMA = YES;
				CLANG_WARN_CONSTANT_CONVERSION = YES;
				CLANG_WARN_DEPRECATED_OBJC_IMPLEMENTATIONS = YES;
				CLANG_WARN_DIRECT_OBJC_ISA_USAGE = YES_ERROR;
				CLANG_WARN_DOCUMENTATION_COMMENTS = YES;
				CLANG_WARN_EMPTY_BODY = YES;
				CLANG_WARN_ENUM_CONVERSION = YES;
				CLANG_WARN_INFINITE_RECURSION = YES;
				CLANG_WARN_INT_CONVERSION = YES;
				CLANG_WARN_NON_LITERAL_NULL_CONVERSION = YES;
				CLANG_WARN_OBJC_IMPLICIT_RETAIN_SELF = YES;
				CLANG_WARN_OBJC_LITERAL_CONVERSION = YES;
				CLANG_WARN_OBJC_ROOT_CLASS = YES_ERROR;
				CLANG_WARN_RANGE_LOOP_ANALYSIS = YES;
				CLANG_WARN_STRICT_PROTOTYPES = YES;
				CLANG_WARN_SUSPICIOUS_MOVE = YES;
				CLANG_WARN_UNGUARDED_AVAILABILITY = YES_AGGRESSIVE;
				CLANG_WARN_UNREACHABLE_CODE = YES;
				CLANG_WARN__DUPLICATE_METHOD_MATCH = YES;
				CODE_SIGN_IDENTITY = "iPhone Developer";
				COPY_PHASE_STRIP = NO;
				DEBUG_INFORMATION_FORMAT = "dwarf-with-dsym";
				ENABLE_NS_ASSERTIONS = NO;
				ENABLE_STRICT_OBJC_MSGSEND = YES;
				GCC_C_LANGUAGE_STANDARD = gnu11;
				GCC_NO_COMMON_BLOCKS = YES;
				GCC_WARN_64_TO_32_BIT_CONVERSION = YES;
				GCC_WARN_ABOUT_RETURN_TYPE = YES_ERROR;
				GCC_WARN_UNDECLARED_SELECTOR = YES;
				GCC_WARN_UNINITIALIZED_AUTOS = YES_AGGRESSIVE;
				GCC_WARN_UNUSED_FUNCTION = YES;
				GCC_WARN_UNUSED_VARIABLE = YES;
				IPHONEOS_DEPLOYMENT_TARGET = 12.2;
				MTL_ENABLE_DEBUG_INFO = NO;
				MTL_FAST_MATH = YES;
				SDKROOT = iphoneos;
				VALIDATE_PRODUCT = YES;
			};
			name = Release;
		};
		F085CCF12356F8730064D0D8 /* Debug */ = {
			isa = XCBuildConfiguration;
			baseConfigurationReference = 76B85E40EE70B4B29AE3DF57 /* Pods-TestGit01.debug.xcconfig */;
			buildSettings = {
				ASSETCATALOG_COMPILER_APPICON_NAME = AppIcon;
				CODE_SIGN_STYLE = Manual;
				DEVELOPMENT_TEAM = 3JK526JBF3;
				INFOPLIST_FILE = TestGit01/Info.plist;
				LD_RUNPATH_SEARCH_PATHS = (
					"$(inherited)",
					"@executable_path/Frameworks",
				);
				PRODUCT_BUNDLE_IDENTIFIER = com.yinyin.zjk.gucheng;
				PRODUCT_NAME = "$(TARGET_NAME)";
				PROVISIONING_PROFILE_SPECIFIER = gucheng_dev;
				TARGETED_DEVICE_FAMILY = "1,2";
			};
			name = Debug;
		};
		F085CCF22356F8730064D0D8 /* Release */ = {
			isa = XCBuildConfiguration;
			baseConfigurationReference = 3A39AFAB5378EE4ADE211671 /* Pods-TestGit01.release.xcconfig */;
			buildSettings = {
				ASSETCATALOG_COMPILER_APPICON_NAME = AppIcon;
				CODE_SIGN_STYLE = Manual;
				DEVELOPMENT_TEAM = 3JK526JBF3;
				INFOPLIST_FILE = TestGit01/Info.plist;
				LD_RUNPATH_SEARCH_PATHS = (
					"$(inherited)",
					"@executable_path/Frameworks",
				);
				PRODUCT_BUNDLE_IDENTIFIER = com.yinyin.zjk.gucheng;
				PRODUCT_NAME = "$(TARGET_NAME)";
				PROVISIONING_PROFILE_SPECIFIER = gucheng_dev;
				TARGETED_DEVICE_FAMILY = "1,2";
			};
			name = Release;
		};
/* End XCBuildConfiguration section */

/* Begin XCConfigurationList section */
		F085CCD52356F8720064D0D8 /* Build configuration list for PBXProject "TestGit01" */ = {
			isa = XCConfigurationList;
			buildConfigurations = (
				F085CCEE2356F8730064D0D8 /* Debug */,
				F085CCEF2356F8730064D0D8 /* Release */,
			);
			defaultConfigurationIsVisible = 0;
			defaultConfigurationName = Release;
		};
		F085CCF02356F8730064D0D8 /* Build configuration list for PBXNativeTarget "TestGit01" */ = {
			isa = XCConfigurationList;
			buildConfigurations = (
				F085CCF12356F8730064D0D8 /* Debug */,
				F085CCF22356F8730064D0D8 /* Release */,
			);
			defaultConfigurationIsVisible = 0;
			defaultConfigurationName = Release;
		};
/* End XCConfigurationList section */
	};
	rootObject = F085CCD22356F8720064D0D8 /* Project object */;
}
